
Microsoft Visual Studio Solution File, Format Version 12.00
# Visual Studio 2017
Project("{FAE04EC0-301F-11D3-BF4B-00C04F79EFBC}") = "AREdukasiUangPalsu", "AREdukasiUangPalsu.csproj", "{8E7D50F7-E2E2-4BA8-D032-EAFD88AF54FD}"
EndProject
Project("{FAE04EC0-301F-11D3-BF4B-00C04F79EFBC}") = "AREdukasiUangPalsu.Editor", "AREdukasiUangPalsu.Editor.csproj", "{D308C4D0-2C30-4260-EA15-79C05CCA0FB4}"
EndProject
Global
	GlobalSection(SolutionConfigurationPlatforms) = preSolution
		Debug|Any CPU = Debug|Any CPU
		Release|Any CPU = Release|Any CPU
	EndGlobalSection
	GlobalSection(ProjectConfigurationPlatforms) = postSolution
		{8E7D50F7-E2E2-4BA8-D032-EAFD88AF54FD}.Debug|Any CPU.ActiveCfg = Debug|Any CPU
		{8E7D50F7-E2E2-4BA8-D032-EAFD88AF54FD}.Debug|Any CPU.Build.0 = Debug|Any CPU
		{8E7D50F7-E2E2-4BA8-D032-EAFD88AF54FD}.Release|Any CPU.ActiveCfg = Release|Any CPU
		{8E7D50F7-E2E2-4BA8-D032-EAFD88AF54FD}.Release|Any CPU.Build.0 = Release|Any CPU
		{D308C4D0-2C30-4260-EA15-79C05CCA0FB4}.Debug|Any CPU.ActiveCfg = Debug|Any CPU
		{D308C4D0-2C30-4260-EA15-79C05CCA0FB4}.Debug|Any CPU.Build.0 = Debug|Any CPU
		{D308C4D0-2C30-4260-EA15-79C05CCA0FB4}.Release|Any CPU.ActiveCfg = Release|Any CPU
		{D308C4D0-2C30-4260-EA15-79C05CCA0FB4}.Release|Any CPU.Build.0 = Release|Any CPU
	EndGlobalSection
	GlobalSection(SolutionProperties) = preSolution
		HideSolutionNode = FALSE
	EndGlobalSection
EndGlobal
